// !$*UTF8*$!
{
	archiveVersion = 1;
	classes = {
	};
	objectVersion = 46;
	objects = {

/* Begin PBXBuildFile section */
		EA1152881B55E6E400345383 /* AppDelegate.swift in Sources */ = {isa = PBXBuildFile; fileRef = EA1152871B55E6E400345383 /* AppDelegate.swift */; };
		EA11528A1B55E6E400345383 /* ViewController.swift in Sources */ = {isa = PBXBuildFile; fileRef = EA1152891B55E6E400345383 /* ViewController.swift */; };
		EA11528D1B55E6E400345383 /* Main.storyboard in Resources */ = {isa = PBXBuildFile; fileRef = EA11528B1B55E6E400345383 /* Main.storyboard */; };
		EA11528F1B55E6E400345383 /* Images.xcassets in Resources */ = {isa = PBXBuildFile; fileRef = EA11528E1B55E6E400345383 /* Images.xcassets */; };
		EA1152921B55E6E400345383 /* LaunchScreen.xib in Resources */ = {isa = PBXBuildFile; fileRef = EA1152901B55E6E400345383 /* LaunchScreen.xib */; };
		EA11529E1B55E6E400345383 /* tianheSwiftSideslipLikeQQTests.swift in Sources */ = {isa = PBXBuildFile; fileRef = EA11529D1B55E6E400345383 /* tianheSwiftSideslipLikeQQTests.swift */; };
		EA9053BC1B55ED5900CC1947 /* HomeViewController.swift in Sources */ = {isa = PBXBuildFile; fileRef = EA9053BB1B55ED5900CC1947 /* HomeViewController.swift */; };
		EA9053C21B55EE3500CC1947 /* LeftViewController.swift in Sources */ = {isa = PBXBuildFile; fileRef = EA9053C11B55EE3500CC1947 /* LeftViewController.swift */; };
		EA9053C41B55F09A00CC1947 /* Common.swift in Sources */ = {isa = PBXBuildFile; fileRef = EA9053C31B55F09A00CC1947 /* Common.swift */; };
/* End PBXBuildFile section */

/* Begin PBXContainerItemProxy section */
		EA1152981B55E6E400345383 /* PBXContainerItemProxy */ = {
			isa = PBXContainerItemProxy;
			containerPortal = EA11527A1B55E6E400345383 /* Project object */;
			proxyType = 1;
			remoteGlobalIDString = EA1152811B55E6E400345383;
			remoteInfo = tianheSwiftSideslipLikeQQ;
		};
/* End PBXContainerItemProxy section */

/* Begin PBXFileReference section */
		EA1152821B55E6E400345383 /* tianheSwiftSideslipLikeQQ.app */ = {isa = PBXFileReference; explicitFileType = wrapper.application; includeInIndex = 0; path = tianheSwiftSideslipLikeQQ.app; sourceTree = BUILT_PRODUCTS_DIR; };
		EA1152861B55E6E400345383 /* Info.plist */ = {isa = PBXFileReference; lastKnownFileType = text.plist.xml; path = Info.plist; sourceTree = "<group>"; };
		EA1152871B55E6E400345383 /* AppDelegate.swift */ = {isa = PBXFileReference; lastKnownFileType = sourcecode.swift; path = AppDelegate.swift; sourceTree = "<group>"; };
		EA1152891B55E6E400345383 /* ViewController.swift */ = {isa = PBXFileReference; lastKnownFileType = sourcecode.swift; path = ViewController.swift; sourceTree = "<group>"; };
		EA11528C1B55E6E400345383 /* Base */ = {isa = PBXFileReference; lastKnownFileType = file.storyboard; name = Base; path = Base.lproj/Main.storyboard; sourceTree = "<group>"; };
		EA11528E1B55E6E400345383 /* Images.xcassets */ = {isa = PBXFileReference; lastKnownFileType = folder.assetcatalog; path = Images.xcassets; sourceTree = "<group>"; };
		EA1152911B55E6E400345383 /* Base */ = {isa = PBXFileReference; lastKnownFileType = file.xib; name = Base; path = Base.lproj/LaunchScreen.xib; sourceTree = "<group>"; };
		EA1152971B55E6E400345383 /* tianheSwiftSideslipLikeQQTests.xctest */ = {isa = PBXFileReference; explicitFileType = wrapper.cfbundle; includeInIndex = 0; path = tianheSwiftSideslipLikeQQTests.xctest; sourceTree = BUILT_PRODUCTS_DIR; };
		EA11529C1B55E6E400345383 /* Info.plist */ = {isa = PBXFileReference; lastKnownFileType = text.plist.xml; path = Info.plist; sourceTree = "<group>"; };
		EA11529D1B55E6E400345383 /* tianheSwiftSideslipLikeQQTests.swift */ = {isa = PBXFileReference; lastKnownFileType = sourcecode.swift; path = tianheSwiftSideslipLikeQQTests.swift; sourceTree = "<group>"; };
		EA9053BB1B55ED5900CC1947 /* HomeViewController.swift */ = {isa = PBXFileReference; fileEncoding = 4; lastKnownFileType = sourcecode.swift; path = HomeViewController.swift; sourceTree = "<group>"; };
		EA9053C11B55EE3500CC1947 /* LeftViewController.swift */ = {isa = PBXFileReference; fileEncoding = 4; lastKnownFileType = sourcecode.swift; path = LeftViewController.swift; sourceTree = "<group>"; };
		EA9053C31B55F09A00CC1947 /* Common.swift */ = {isa = PBXFileReference; fileEncoding = 4; lastKnownFileType = sourcecode.swift; path = Common.swift; sourceTree = "<group>"; };
/* End PBXFileReference section */

/* Begin PBXFrameworksBuildPhase section */
		EA11527F1B55E6E400345383 /* Frameworks */ = {
			isa = PBXFrameworksBuildPhase;
			buildActionMask = 2147483647;
			files = (
			);
			runOnlyForDeploymentPostprocessing = 0;
		};
		EA1152941B55E6E400345383 /* Frameworks */ = {
			isa = PBXFrameworksBuildPhase;
			buildActionMask = 2147483647;
			files = (
			);
			runOnlyForDeploymentPostprocessing = 0;
		};
/* End PBXFrameworksBuildPhase section */

/* Begin PBXGroup section */
		EA1152791B55E6E400345383 = {
			isa = PBXGroup;
			children = (
				EA1152841B55E6E400345383 /* tianheSwiftSideslipLikeQQ */,
				EA11529A1B55E6E400345383 /* tianheSwiftSideslipLikeQQTests */,
				EA1152831B55E6E400345383 /* Products */,
			);
			sourceTree = "<group>";
		};
		EA1152831B55E6E400345383 /* Products */ = {
			isa = PBXGroup;
			children = (
				EA1152821B55E6E400345383 /* tianheSwiftSideslipLikeQQ.app */,
				EA1152971B55E6E400345383 /* tianheSwiftSideslipLikeQQTests.xctest */,
			);
			name = Products;
			sourceTree = "<group>";
		};
		EA1152841B55E6E400345383 /* tianheSwiftSideslipLikeQQ */ = {
			isa = PBXGroup;
			children = (
				EA1152871B55E6E400345383 /* AppDelegate.swift */,
				EA1152891B55E6E400345383 /* ViewController.swift */,
				EA9053C31B55F09A00CC1947 /* Common.swift */,
				EA9053BB1B55ED5900CC1947 /* HomeViewController.swift */,
				EA9053C11B55EE3500CC1947 /* LeftViewController.swift */,
				EA11528B1B55E6E400345383 /* Main.storyboard */,
				EA11528E1B55E6E400345383 /* Images.xcassets */,
				EA1152901B55E6E400345383 /* LaunchScreen.xib */,
				EA1152851B55E6E400345383 /* Supporting Files */,
			);
			path = tianheSwiftSideslipLikeQQ;
			sourceTree = "<group>";
		};
		EA1152851B55E6E400345383 /* Supporting Files */ = {
			isa = PBXGroup;
			children = (
				EA1152861B55E6E400345383 /* Info.plist */,
			);
			name = "Supporting Files";
			sourceTree = "<group>";
		};
		EA11529A1B55E6E400345383 /* tianheSwiftSideslipLikeQQTests */ = {
			isa = PBXGroup;
			children = (
				EA11529D1B55E6E400345383 /* tianheSwiftSideslipLikeQQTests.swift */,
				EA11529B1B55E6E400345383 /* Supporting Files */,
			);
			path = tianheSwiftSideslipLikeQQTests;
			sourceTree = "<group>";
		};
		EA11529B1B55E6E400345383 /* Supporting Files */ = {
			isa = PBXGroup;
			children = (
				EA11529C1B55E6E400345383 /* Info.plist */,
			);
			name = "Supporting Files";
			sourceTree = "<group>";
		};
/* End PBXGroup section */

/* Begin PBXNativeTarget section */
		EA1152811B55E6E400345383 /* tianheSwiftSideslipLikeQQ */ = {
			isa = PBXNativeTarget;
			buildConfigurationList = EA1152A11B55E6E400345383 /* Build configuration list for PBXNativeTarget "tianheSwiftSideslipLikeQQ" */;
			buildPhases = (
				EA11527E1B55E6E400345383 /* Sources */,
				EA11527F1B55E6E400345383 /* Frameworks */,
				EA1152801B55E6E400345383 /* Resources */,
			);
			buildRules = (
			);
			dependencies = (
			);
			name = tianheSwiftSideslipLikeQQ;
			productName = tianheSwiftSideslipLikeQQ;
			productReference = EA1152821B55E6E400345383 /* tianheSwiftSideslipLikeQQ.app */;
			productType = "com.apple.product-type.application";
		};
		EA1152961B55E6E400345383 /* tianheSwiftSideslipLikeQQTests */ = {
			isa = PBXNativeTarget;
			buildConfigurationList = EA1152A41B55E6E400345383 /* Build configuration list for PBXNativeTarget "tianheSwiftSideslipLikeQQTests" */;
			buildPhases = (
				EA1152931B55E6E400345383 /* Sources */,
				EA1152941B55E6E400345383 /* Frameworks */,
				EA1152951B55E6E400345383 /* Resources */,
			);
			buildRules = (
			);
			dependencies = (
				EA1152991B55E6E400345383 /* PBXTargetDependency */,
			);
			name = tianheSwiftSideslipLikeQQTests;
			productName = tianheSwiftSideslipLikeQQTests;
			productReference = EA1152971B55E6E400345383 /* tianheSwiftSideslipLikeQQTests.xctest */;
			productType = "com.apple.product-type.bundle.unit-test";
		};
/* End PBXNativeTarget section */

/* Begin PBXProject section */
		EA11527A1B55E6E400345383 /* Project object */ = {
			isa = PBXProject;
			attributes = {
				LastUpgradeCheck = 0640;
				ORGANIZATIONNAME = iosdevelop;
				TargetAttributes = {
					EA1152811B55E6E400345383 = {
						CreatedOnToolsVersion = 6.4;
						DevelopmentTeam = R6JZ5JUC75;
					};
					EA1152961B55E6E400345383 = {
						CreatedOnToolsVersion = 6.4;
						TestTargetID = EA1152811B55E6E400345383;
					};
				};
			};
			buildConfigurationList = EA11527D1B55E6E400345383 /* Build configuration list for PBXProject "tianheSwiftSideslipLikeQQ" */;
			compatibilityVersion = "Xcode 3.2";
			developmentRegion = English;
			hasScannedForEncodings = 0;
			knownRegions = (
				en,
				Base,
			);
			mainGroup = EA1152791B55E6E400345383;
			productRefGroup = EA1152831B55E6E400345383 /* Products */;
			projectDirPath = "";
			projectRoot = "";
			targets = (
				EA1152811B55E6E400345383 /* tianheSwiftSideslipLikeQQ */,
				EA1152961B55E6E400345383 /* tianheSwiftSideslipLikeQQTests */,
			);
		};
/* End PBXProject section */

/* Begin PBXResourcesBuildPhase section */
		EA1152801B55E6E400345383 /* Resources */ = {
			isa = PBXResourcesBuildPhase;
			buildActionMask = 2147483647;
			files = (
				EA11528D1B55E6E400345383 /* Main.storyboard in Resources */,
				EA1152921B55E6E400345383 /* LaunchScreen.xib in Resources */,
				EA11528F1B55E6E400345383 /* Images.xcassets in Resources */,
			);
			runOnlyForDeploymentPostprocessing = 0;
		};
		EA1152951B55E6E400345383 /* Resources */ = {
			isa = PBXResourcesBuildPhase;
			buildActionMask = 2147483647;
			files = (
			);
			runOnlyForDeploymentPostprocessing = 0;
		};
/* End PBXResourcesBuildPhase section */

/* Begin PBXSourcesBuildPhase section */
		EA11527E1B55E6E400345383 /* Sources */ = {
			isa = PBXSourcesBuildPhase;
			buildActionMask = 2147483647;
			files = (
				EA11528A1B55E6E400345383 /* ViewController.swift in Sources */,
				EA9053C21B55EE3500CC1947 /* LeftViewController.swift in Sources */,
				EA1152881B55E6E400345383 /* AppDelegate.swift in Sources */,
				EA9053C41B55F09A00CC1947 /* Common.swift in Sources */,
				EA9053BC1B55ED5900CC1947 /* HomeViewController.swift in Sources */,
			);
			runOnlyForDeploymentPostprocessing = 0;
		};
		EA1152931B55E6E400345383 /* Sources */ = {
			isa = PBXSourcesBuildPhase;
			buildActionMask = 2147483647;
			files = (
				EA11529E1B55E6E400345383 /* tianheSwiftSideslipLikeQQTests.swift in Sources */,
			);
			runOnlyForDeploymentPostprocessing = 0;
		};
/* End PBXSourcesBuildPhase section */

/* Begin PBXTargetDependency section */
		EA1152991B55E6E400345383 /* PBXTargetDependency */ = {
			isa = PBXTargetDependency;
			target = EA1152811B55E6E400345383 /* tianheSwiftSideslipLikeQQ */;
			targetProxy = EA1152981B55E6E400345383 /* PBXContainerItemProxy */;
		};
/* End PBXTargetDependency section */

/* Begin PBXVariantGroup section */
		EA11528B1B55E6E400345383 /* Main.storyboard */ = {
			isa = PBXVariantGroup;
			children = (
				EA11528C1B55E6E400345383 /* Base */,
			);
			name = Main.storyboard;
			sourceTree = "<group>";
		};
		EA1152901B55E6E400345383 /* LaunchScreen.xib */ = {
			isa = PBXVariantGroup;
			children = (
				EA1152911B55E6E400345383 /* Base */,
			);
			name = LaunchScreen.xib;
			sourceTree = "<group>";
		};
/* End PBXVariantGroup section */

/* Begin XCBuildConfiguration section */
		EA11529F1B55E6E400345383 /* Debug */ = {
			isa = XCBuildConfiguration;
			buildSettings = {
				ALWAYS_SEARCH_USER_PATHS = NO;
				CLANG_CXX_LANGUAGE_STANDARD = "gnu++0x";
				CLANG_CXX_LIBRARY = "libc++";
				CLANG_ENABLE_MODULES = YES;
				CLANG_ENABLE_OBJC_ARC = YES;
				CLANG_WARN_BOOL_CONVERSION = YES;
				CLANG_WARN_CONSTANT_CONVERSION = YES;
				CLANG_WARN_DIRECT_OBJC_ISA_USAGE = YES_ERROR;
				CLANG_WARN_EMPTY_BODY = YES;
				CLANG_WARN_ENUM_CONVERSION = YES;
				CLANG_WARN_INT_CONVERSION = YES;
				CLANG_WARN_OBJC_ROOT_CLASS = YES_ERROR;
				CLANG_WARN_UNREACHABLE_CODE = YES;
				CLANG_WARN__DUPLICATE_METHOD_MATCH = YES;
				"CODE_SIGN_IDENTITY[sdk=iphoneos*]" = "iPhone Developer";
				COPY_PHASE_STRIP = NO;
				DEBUG_INFORMATION_FORMAT = "dwarf-with-dsym";
				ENABLE_STRICT_OBJC_MSGSEND = YES;
				GCC_C_LANGUAGE_STANDARD = gnu99;
				GCC_DYNAMIC_NO_PIC = NO;
				GCC_NO_COMMON_BLOCKS = YES;
				GCC_OPTIMIZATION_LEVEL = 0;
				GCC_PREPROCESSOR_DEFINITIONS = (
					"DEBUG=1",
					"$(inherited)",
				);
				GCC_SYMBOLS_PRIVATE_EXTERN = NO;
				GCC_WARN_64_TO_32_BIT_CONVERSION = YES;
				GCC_WARN_ABOUT_RETURN_TYPE = YES_ERROR;
				GCC_WARN_UNDECLARED_SELECTOR = YES;
				GCC_WARN_UNINITIALIZED_AUTOS = YES_AGGRESSIVE;
				GCC_WARN_UNUSED_FUNCTION = YES;
				GCC_WARN_UNUSED_VARIABLE = YES;
				IPHONEOS_DEPLOYMENT_TARGET = 8.4;
				MTL_ENABLE_DEBUG_INFO = YES;
				ONLY_ACTIVE_ARCH = YES;
				SDKROOT = iphoneos;
				SWIFT_OPTIMIZATION_LEVEL = "-Onone";
			};
			name = Debug;
		};
		EA1152A01B55E6E400345383 /* Release */ = {
			isa = XCBuildConfiguration;
			buildSettings = {
				ALWAYS_SEARCH_USER_PATHS = NO;
				CLANG_CXX_LANGUAGE_STANDARD = "gnu++0x";
				CLANG_CXX_LIBRARY = "libc++";
				CLANG_ENABLE_MODULES = YES;
				CLANG_ENABLE_OBJC_ARC = YES;
				CLANG_WARN_BOOL_CONVERSION = YES;
				CLANG_WARN_CONSTANT_CONVERSION = YES;
				CLANG_WARN_DIRECT_OBJC_ISA_USAGE = YES_ERROR;
				CLANG_WARN_EMPTY_BODY = YES;
				CLANG_WARN_ENUM_CONVERSION = YES;
				CLANG_WARN_INT_CONVERSION = YES;
				CLANG_WARN_OBJC_ROOT_CLASS = YES_ERROR;
				CLANG_WARN_UNREACHABLE_CODE = YES;
				CLANG_WARN__DUPLICATE_METHOD_MATCH = YES;
				"CODE_SIGN_IDENTITY[sdk=iphoneos*]" = "iPhone Developer";
				COPY_PHASE_STRIP = NO;
				DEBUG_INFORMATION_FORMAT = "dwarf-with-dsym";
				ENABLE_NS_ASSERTIONS = NO;
				ENABLE_STRICT_OBJC_MSGSEND = YES;
				GCC_C_LANGUAGE_STANDARD = gnu99;
				GCC_NO_COMMON_BLOCKS = YES;
				GCC_WARN_64_TO_32_BIT_CONVERSION = YES;
				GCC_WARN_ABOUT_RETURN_TYPE = YES_ERROR;
				GCC_WARN_UNDECLARED_SELECTOR = YES;
				GCC_WARN_UNINITIALIZED_AUTOS = YES_AGGRESSIVE;
				GCC_WARN_UNUSED_FUNCTION = YES;
				GCC_WARN_UNUSED_VARIABLE = YES;
				IPHONEOS_DEPLOYMENT_TARGET = 8.4;
				MTL_ENABLE_DEBUG_INFO = NO;
				SDKROOT = iphoneos;
				VALIDATE_PRODUCT = YES;
			};
			name = Release;
		};
		EA1152A21B55E6E400345383 /* Debug */ = {
			isa = XCBuildConfiguration;
			buildSettings = {
				ASSETCATALOG_COMPILER_APPICON_NAME = AppIcon;
				CODE_SIGN_IDENTITY = "iPhone Developer";
				INFOPLIST_FILE = tianheSwiftSideslipLikeQQ/Info.plist;
				LD_RUNPATH_SEARCH_PATHS = "$(inherited) @executable_path/Frameworks";
				PRODUCT_NAME = "$(TARGET_NAME)";
			};
			name = Debug;
		};
		EA1152A31B55E6E400345383 /* Release */ = {
			isa = XCBuildConfiguration;
			buildSettings = {
				ASSETCATALOG_COMPILER_APPICON_NAME = AppIcon;
				CODE_SIGN_IDENTITY = "iPhone Developer";
				INFOPLIST_FILE = tianheSwiftSideslipLikeQQ/Info.plist;
				LD_RUNPATH_SEARCH_PATHS = "$(inherited) @executable_path/Frameworks";
				PRODUCT_NAME = "$(TARGET_NAME)";
			};
			name = Release;
		};
		EA1152A51B55E6E400345383 /* Debug */ = {
			isa = XCBuildConfiguration;
			buildSettings = {
				BUNDLE_LOADER = "$(TEST_HOST)";
				FRAMEWORK_SEARCH_PATHS = (
					"$(SDKROOT)/Developer/Library/Frameworks",
					"$(inherited)",
				);
				GCC_PREPROCESSOR_DEFINITIONS = (
					"DEBUG=1",
					"$(inherited)",
				);
				INFOPLIST_FILE = tianheSwiftSideslipLikeQQTests/Info.plist;
				LD_RUNPATH_SEARCH_PATHS = "$(inherited) @executable_path/Frameworks @loader_path/Frameworks";
				PRODUCT_NAME = "$(TARGET_NAME)";
				TEST_HOST = "$(BUILT_PRODUCTS_DIR)/tianheSwiftSideslipLikeQQ.app/tianheSwiftSideslipLikeQQ";
			};
			name = Debug;
		};
		EA1152A61B55E6E400345383 /* Release */ = {
			isa = XCBuildConfiguration;
			buildSettings = {
				BUNDLE_LOADER = "$(TEST_HOST)";
				FRAMEWORK_SEARCH_PATHS = (
					"$(SDKROOT)/Developer/Library/Frameworks",
					"$(inherited)",
				);
				INFOPLIST_FILE = tianheSwiftSideslipLikeQQTests/Info.plist;
				LD_RUNPATH_SEARCH_PATHS = "$(inherited) @executable_path/Frameworks @loader_path/Frameworks";
				PRODUCT_NAME = "$(TARGET_NAME)";
				TEST_HOST = "$(BUILT_PRODUCTS_DIR)/tianheSwiftSideslipLikeQQ.app/tianheSwiftSideslipLikeQQ";
			};
			name = Release;
		};
/* End XCBuildConfiguration section */

/* Begin XCConfigurationList section */
		EA11527D1B55E6E400345383 /* Build configuration list for PBXProject "tianheSwiftSideslipLikeQQ" */ = {
			isa = XCConfigurationList;
			buildConfigurations = (
				EA11529F1B55E6E400345383 /* Debug */,
				EA1152A01B55E6E400345383 /* Release */,
			);
			defaultConfigurationIsVisible = 0;
			defaultConfigurationName = Release;
		};
		EA1152A11B55E6E400345383 /* Build configuration list for PBXNativeTarget "tianheSwiftSideslipLikeQQ" */ = {
			isa = XCConfigurationList;
			buildConfigurations = (
				EA1152A21B55E6E400345383 /* Debug */,
				EA1152A31B55E6E400345383 /* Release */,
			);
			defaultConfigurationIsVisible = 0;
			defaultConfigurationName = Release;
		};
		EA1152A41B55E6E400345383 /* Build configuration list for PBXNativeTarget "tianheSwiftSideslipLikeQQTests" */ = {
			isa = XCConfigurationList;
			buildConfigurations = (
				EA1152A51B55E6E400345383 /* Debug */,
				EA1152A61B55E6E400345383 /* Release */,
			);
			defaultConfigurationIsVisible = 0;
			defaultConfigurationName = Release;
		};
/* End XCConfigurationList section */
	};
	rootObject = EA11527A1B55E6E400345383 /* Project object */;
}
